
Microsoft Visual Studio Solution File, Format Version 12.00
# Visual Studio 15
VisualStudioVersion = 15.0.27703.2026
MinimumVisualStudioVersion = 10.0.40219.1
Project("{FAE04EC0-301F-11D3-BF4B-00C04F79EFBC}") = "team-work", "team-work\team-work.csproj", "{8CCC9615-0A87-4D68-A625-773D0CD77F2C}"
EndProject
Global
	GlobalSection(SolutionConfigurationPlatforms) = preSolution
		Debug|Any CPU = Debug|Any CPU
		Release|Any CPU = Release|Any CPU
	EndGlobalSection
	GlobalSection(ProjectConfigurationPlatforms) = postSolution
		{8CCC9615-0A87-4D68-A625-773D0CD77F2C}.Debug|Any CPU.ActiveCfg = Debug|Any CPU
		{8CCC9615-0A87-4D68-A625-773D0CD77F2C}.Debug|Any CPU.Build.0 = Debug|Any CPU
		{8CCC9615-0A87-4D68-A625-773D0CD77F2C}.Release|Any CPU.ActiveCfg = Release|Any CPU
		{8CCC9615-0A87-4D68-A625-773D0CD77F2C}.Release|Any CPU.Build.0 = Release|Any CPU
	EndGlobalSection
	GlobalSection(SolutionProperties) = preSolution
		HideSolutionNode = FALSE
	EndGlobalSection
	GlobalSection(ExtensibilityGlobals) = postSolution
		SolutionGuid = {848AE6BC-A8CB-4AE7-AD1B-DE27DE145D80}
	EndGlobalSection
EndGlobal
